{
    "requires": true,
    "lockfileVersion": 1,
    "dependencies": {
        "datatables.net-editor-dt": {
            "version": "1.6.3",
            "resolved": "https://registry.npmjs.org/datatables.net-editor-dt/-/datatables.net-editor-dt-1.6.3.tgz",
            "integrity": "sha512-LO8K+TEdoSUUZBCgXdLvYGktR7F6OQDxp/nynwFM0uptmdP83Sj2tmhzBc28BUrlGoVIFSLO312lRy7BLFI5fg=="
        }
    }
}
